
Microsoft Visual Studio Solution File, Format Version 12.00
# Visual Studio Version 16
VisualStudioVersion = 16.0.30002.166
MinimumVisualStudioVersion = 10.0.40219.1
Project("{9A19103F-16F7-4668-BE54-9A1E7A4F7556}") = "Nipah Tokenizer", "Nipah Tokenizer\Nipah Tokenizer.csproj", "{AAEFCEF9-A368-47F0-972D-989F674C0679}"
EndProject
Project("{FAE04EC0-301F-11D3-BF4B-00C04F79EFBC}") = "Nipah Tokenizer Test", "Nipah Tokenizer Test\Nipah Tokenizer Test.csproj", "{5E0FC965-6C5C-4C9E-9CBC-4ACEA2EF0736}"
EndProject
Global
	GlobalSection(SolutionConfigurationPlatforms) = preSolution
		Debug|Any CPU = Debug|Any CPU
		Release|Any CPU = Release|Any CPU
	EndGlobalSection
	GlobalSection(ProjectConfigurationPlatforms) = postSolution
		{AAEFCEF9-A368-47F0-972D-989F674C0679}.Debug|Any CPU.ActiveCfg = Debug|Any CPU
		{AAEFCEF9-A368-47F0-972D-989F674C0679}.Debug|Any CPU.Build.0 = Debug|Any CPU
		{AAEFCEF9-A368-47F0-972D-989F674C0679}.Release|Any CPU.ActiveCfg = Release|Any CPU
		{AAEFCEF9-A368-47F0-972D-989F674C0679}.Release|Any CPU.Build.0 = Release|Any CPU
		{5E0FC965-6C5C-4C9E-9CBC-4ACEA2EF0736}.Debug|Any CPU.ActiveCfg = Debug|Any CPU
		{5E0FC965-6C5C-4C9E-9CBC-4ACEA2EF0736}.Debug|Any CPU.Build.0 = Debug|Any CPU
		{5E0FC965-6C5C-4C9E-9CBC-4ACEA2EF0736}.Release|Any CPU.ActiveCfg = Release|Any CPU
		{5E0FC965-6C5C-4C9E-9CBC-4ACEA2EF0736}.Release|Any CPU.Build.0 = Release|Any CPU
	EndGlobalSection
	GlobalSection(SolutionProperties) = preSolution
		HideSolutionNode = FALSE
	EndGlobalSection
	GlobalSection(ExtensibilityGlobals) = postSolution
		SolutionGuid = {C87AAD8F-BFE4-4E23-B97B-D33751C36A37}
	EndGlobalSection
EndGlobal
